<Solution>
  <Project Path="Monoboy.Debug/Monoboy.Debug.csproj" />
  <Project Path="Monoboy.Dap/Monoboy.Dap.csproj" />
  <Project Path="Monoboy.Desktop/Monoboy.Desktop.csproj" />
  <Project Path="Monoboy.Disassembler/Monoboy.Disassembler.csproj" />
  <Project Path="Monoboy.Wasm/Monoboy.Wasm.csproj" />
</Solution>